
Microsoft Visual Studio Solution File, Format Version 12.00
# Visual Studio 15
VisualStudioVersion = 15.0.28307.757
MinimumVisualStudioVersion = 10.0.40219.1
Project("{FAE04EC0-301F-11D3-BF4B-00C04F79EFBC}") = "QuickBuy.Dominio", "QuickBuy.Dominio\QuickBuy.Dominio.csproj", "{CD90D5DF-6F42-497D-9BBB-2EBF34C9511B}"
EndProject
Project("{FAE04EC0-301F-11D3-BF4B-00C04F79EFBC}") = "QuickBuy.Repositorio", "QuickBuy.Repositorio\QuickBuy.Repositorio.csproj", "{8C91AF4C-04B3-423B-A780-6B459DB2F35B}"
EndProject
Project("{FAE04EC0-301F-11D3-BF4B-00C04F79EFBC}") = "QuickBuy.Web", "QuickBuy.Web\QuickBuy.Web.csproj", "{77CB9DC1-BDDE-41D0-ACC8-CB32D5854893}"
EndProject
Global
	GlobalSection(SolutionConfigurationPlatforms) = preSolution
		Debug|Any CPU = Debug|Any CPU
		Release|Any CPU = Release|Any CPU
	EndGlobalSection
	GlobalSection(ProjectConfigurationPlatforms) = postSolution
		{CD90D5DF-6F42-497D-9BBB-2EBF34C9511B}.Debug|Any CPU.ActiveCfg = Debug|Any CPU
		{CD90D5DF-6F42-497D-9BBB-2EBF34C9511B}.Debug|Any CPU.Build.0 = Debug|Any CPU
		{CD90D5DF-6F42-497D-9BBB-2EBF34C9511B}.Release|Any CPU.ActiveCfg = Release|Any CPU
		{CD90D5DF-6F42-497D-9BBB-2EBF34C9511B}.Release|Any CPU.Build.0 = Release|Any CPU
		{8C91AF4C-04B3-423B-A780-6B459DB2F35B}.Debug|Any CPU.ActiveCfg = Debug|Any CPU
		{8C91AF4C-04B3-423B-A780-6B459DB2F35B}.Debug|Any CPU.Build.0 = Debug|Any CPU
		{8C91AF4C-04B3-423B-A780-6B459DB2F35B}.Release|Any CPU.ActiveCfg = Release|Any CPU
		{8C91AF4C-04B3-423B-A780-6B459DB2F35B}.Release|Any CPU.Build.0 = Release|Any CPU
		{77CB9DC1-BDDE-41D0-ACC8-CB32D5854893}.Debug|Any CPU.ActiveCfg = Debug|Any CPU
		{77CB9DC1-BDDE-41D0-ACC8-CB32D5854893}.Debug|Any CPU.Build.0 = Debug|Any CPU
		{77CB9DC1-BDDE-41D0-ACC8-CB32D5854893}.Release|Any CPU.ActiveCfg = Release|Any CPU
		{77CB9DC1-BDDE-41D0-ACC8-CB32D5854893}.Release|Any CPU.Build.0 = Release|Any CPU
	EndGlobalSection
	GlobalSection(SolutionProperties) = preSolution
		HideSolutionNode = FALSE
	EndGlobalSection
	GlobalSection(ExtensibilityGlobals) = postSolution
		SolutionGuid = {7A78C2B2-DAF7-4588-B909-4E9ED0C760C1}
	EndGlobalSection
EndGlobal
